
Microsoft Visual Studio Solution File, Format Version 12.00
# Visual Studio Version 16
VisualStudioVersion = 16.0.31829.152
MinimumVisualStudioVersion = 10.0.40219.1
Project("{FAE04EC0-301F-11D3-BF4B-00C04F79EFBC}") = "DatabaseProgramming", "DatabaseProgramming\DatabaseProgramming.csproj", "{756E84AB-360F-401D-8B72-422CEACD1F06}"
EndProject
Global
	GlobalSection(SolutionConfigurationPlatforms) = preSolution
		Debug|Any CPU = Debug|Any CPU
		Release|Any CPU = Release|Any CPU
	EndGlobalSection
	GlobalSection(ProjectConfigurationPlatforms) = postSolution
		{756E84AB-360F-401D-8B72-422CEACD1F06}.Debug|Any CPU.ActiveCfg = Debug|Any CPU
		{756E84AB-360F-401D-8B72-422CEACD1F06}.Debug|Any CPU.Build.0 = Debug|Any CPU
		{756E84AB-360F-401D-8B72-422CEACD1F06}.Release|Any CPU.ActiveCfg = Release|Any CPU
		{756E84AB-360F-401D-8B72-422CEACD1F06}.Release|Any CPU.Build.0 = Release|Any CPU
	EndGlobalSection
	GlobalSection(SolutionProperties) = preSolution
		HideSolutionNode = FALSE
	EndGlobalSection
	GlobalSection(ExtensibilityGlobals) = postSolution
		SolutionGuid = {5369BD01-B1F5-41C9-8915-0BD8F2C86182}
	EndGlobalSection
EndGlobal
