
Microsoft Visual Studio Solution File, Format Version 12.00
# Visual Studio Version 16
VisualStudioVersion = 16.0.31829.152
MinimumVisualStudioVersion = 10.0.40219.1
Project("{FAE04EC0-301F-11D3-BF4B-00C04F79EFBC}") = "BT12", "BT12\BT12.csproj", "{61F4287A-D123-4665-8055-87F6E1760696}"
EndProject
Global
	GlobalSection(SolutionConfigurationPlatforms) = preSolution
		Debug|Any CPU = Debug|Any CPU
		Release|Any CPU = Release|Any CPU
	EndGlobalSection
	GlobalSection(ProjectConfigurationPlatforms) = postSolution
		{61F4287A-D123-4665-8055-87F6E1760696}.Debug|Any CPU.ActiveCfg = Debug|Any CPU
		{61F4287A-D123-4665-8055-87F6E1760696}.Debug|Any CPU.Build.0 = Debug|Any CPU
		{61F4287A-D123-4665-8055-87F6E1760696}.Release|Any CPU.ActiveCfg = Release|Any CPU
		{61F4287A-D123-4665-8055-87F6E1760696}.Release|Any CPU.Build.0 = Release|Any CPU
	EndGlobalSection
	GlobalSection(SolutionProperties) = preSolution
		HideSolutionNode = FALSE
	EndGlobalSection
	GlobalSection(ExtensibilityGlobals) = postSolution
		SolutionGuid = {6CFA5BEB-E367-43CB-ACAF-5BB4300C8857}
	EndGlobalSection
EndGlobal
