
Microsoft Visual Studio Solution File, Format Version 12.00
# Visual Studio Version 16
VisualStudioVersion = 16.0.31613.86
MinimumVisualStudioVersion = 10.0.40219.1
Project("{9A19103F-16F7-4668-BE54-9A1E7A4F7556}") = "Commoncontrols", "Commoncontrols\Commoncontrols.csproj", "{24FE2BF1-6C86-47DB-9645-D7962AC7FE3D}"
EndProject
Project("{FAE04EC0-301F-11D3-BF4B-00C04F79EFBC}") = "DialogsControl", "DialogsControl\DialogsControl.csproj", "{58ECFA9B-C5E6-4680-81A1-C6A378B8DAEE}"
EndProject
Project("{FAE04EC0-301F-11D3-BF4B-00C04F79EFBC}") = "AddControlUsingCode", "AddControlUsingCode\AddControlUsingCode.csproj", "{4263B610-777F-4B1C-A982-EA2DCE3F78E4}"
EndProject
Global
	GlobalSection(SolutionConfigurationPlatforms) = preSolution
		Debug|Any CPU = Debug|Any CPU
		Release|Any CPU = Release|Any CPU
	EndGlobalSection
	GlobalSection(ProjectConfigurationPlatforms) = postSolution
		{24FE2BF1-6C86-47DB-9645-D7962AC7FE3D}.Debug|Any CPU.ActiveCfg = Debug|Any CPU
		{24FE2BF1-6C86-47DB-9645-D7962AC7FE3D}.Debug|Any CPU.Build.0 = Debug|Any CPU
		{24FE2BF1-6C86-47DB-9645-D7962AC7FE3D}.Release|Any CPU.ActiveCfg = Release|Any CPU
		{24FE2BF1-6C86-47DB-9645-D7962AC7FE3D}.Release|Any CPU.Build.0 = Release|Any CPU
		{58ECFA9B-C5E6-4680-81A1-C6A378B8DAEE}.Debug|Any CPU.ActiveCfg = Debug|Any CPU
		{58ECFA9B-C5E6-4680-81A1-C6A378B8DAEE}.Debug|Any CPU.Build.0 = Debug|Any CPU
		{58ECFA9B-C5E6-4680-81A1-C6A378B8DAEE}.Release|Any CPU.ActiveCfg = Release|Any CPU
		{58ECFA9B-C5E6-4680-81A1-C6A378B8DAEE}.Release|Any CPU.Build.0 = Release|Any CPU
		{4263B610-777F-4B1C-A982-EA2DCE3F78E4}.Debug|Any CPU.ActiveCfg = Debug|Any CPU
		{4263B610-777F-4B1C-A982-EA2DCE3F78E4}.Debug|Any CPU.Build.0 = Debug|Any CPU
		{4263B610-777F-4B1C-A982-EA2DCE3F78E4}.Release|Any CPU.ActiveCfg = Release|Any CPU
		{4263B610-777F-4B1C-A982-EA2DCE3F78E4}.Release|Any CPU.Build.0 = Release|Any CPU
	EndGlobalSection
	GlobalSection(SolutionProperties) = preSolution
		HideSolutionNode = FALSE
	EndGlobalSection
	GlobalSection(ExtensibilityGlobals) = postSolution
		SolutionGuid = {167CFA8A-EDD6-4B12-B368-4CAE16355472}
	EndGlobalSection
EndGlobal
