
Microsoft Visual Studio Solution File, Format Version 12.00
# Visual Studio Version 16
VisualStudioVersion = 16.0.31613.86
MinimumVisualStudioVersion = 10.0.40219.1
Project("{9A19103F-16F7-4668-BE54-9A1E7A4F7556}") = "Bai1", "Bai1\Bai1.csproj", "{5A5C1577-0A26-4BF8-BB79-2DD81C26CE9B}"
EndProject
Project("{9A19103F-16F7-4668-BE54-9A1E7A4F7556}") = "Bai3", "Bai3\Bai3.csproj", "{45556693-306F-4662-A39E-7A4678AAB0CE}"
EndProject
Project("{9A19103F-16F7-4668-BE54-9A1E7A4F7556}") = "Bai6", "Bai6\Bai6.csproj", "{D4A0F110-BC09-4556-8810-46E51352D70F}"
EndProject
Project("{9A19103F-16F7-4668-BE54-9A1E7A4F7556}") = "Bai5", "Bai5\Bai5.csproj", "{12484B7F-899A-41CF-A0A9-9D79C1482EC1}"
EndProject
Project("{9A19103F-16F7-4668-BE54-9A1E7A4F7556}") = "Bai2", "Bai2\Bai2.csproj", "{72E47424-8E9D-46F3-9688-22EC65181497}"
EndProject
Project("{9A19103F-16F7-4668-BE54-9A1E7A4F7556}") = "Bai4", "Bai4\Bai4.csproj", "{5A418367-0CF1-42AB-9F67-916EA7DA2E5A}"
EndProject
Project("{9A19103F-16F7-4668-BE54-9A1E7A4F7556}") = "Bai7", "Bai7\Bai7.csproj", "{03FEFE7B-9E8B-498A-ACE6-E21274A6C12B}"
EndProject
Project("{9A19103F-16F7-4668-BE54-9A1E7A4F7556}") = "Bai8", "Bai8\Bai8.csproj", "{D379FB06-A8C7-4FFA-8ECF-7458C2B6F0B9}"
EndProject
Project("{9A19103F-16F7-4668-BE54-9A1E7A4F7556}") = "Bai9", "Bai9\Bai9.csproj", "{B79AB2F7-DA6C-441F-A605-953B5EC75CA8}"
EndProject
Project("{9A19103F-16F7-4668-BE54-9A1E7A4F7556}") = "Bai11", "Bai11\Bai11.csproj", "{776EFC1D-8970-4ED1-988A-79E32C0EB54E}"
EndProject
Project("{9A19103F-16F7-4668-BE54-9A1E7A4F7556}") = "Bai10", "Bai10\Bai10.csproj", "{91E3625D-BA72-4FD2-A976-A84169E03F4C}"
EndProject
Project("{9A19103F-16F7-4668-BE54-9A1E7A4F7556}") = "Bai12", "Bai12\Bai12.csproj", "{80A06591-405E-4A3A-A846-5F69E17E5AFF}"
EndProject
Project("{FAE04EC0-301F-11D3-BF4B-00C04F79EFBC}") = "Bai13", "Bai13\Bai13.csproj", "{DCCEA68F-15B5-46E9-AB05-BAC8F160CBD6}"
EndProject
Global
	GlobalSection(SolutionConfigurationPlatforms) = preSolution
		Debug|Any CPU = Debug|Any CPU
		Release|Any CPU = Release|Any CPU
	EndGlobalSection
	GlobalSection(ProjectConfigurationPlatforms) = postSolution
		{5A5C1577-0A26-4BF8-BB79-2DD81C26CE9B}.Debug|Any CPU.ActiveCfg = Debug|Any CPU
		{5A5C1577-0A26-4BF8-BB79-2DD81C26CE9B}.Debug|Any CPU.Build.0 = Debug|Any CPU
		{5A5C1577-0A26-4BF8-BB79-2DD81C26CE9B}.Release|Any CPU.ActiveCfg = Release|Any CPU
		{5A5C1577-0A26-4BF8-BB79-2DD81C26CE9B}.Release|Any CPU.Build.0 = Release|Any CPU
		{45556693-306F-4662-A39E-7A4678AAB0CE}.Debug|Any CPU.ActiveCfg = Debug|Any CPU
		{45556693-306F-4662-A39E-7A4678AAB0CE}.Debug|Any CPU.Build.0 = Debug|Any CPU
		{45556693-306F-4662-A39E-7A4678AAB0CE}.Release|Any CPU.ActiveCfg = Release|Any CPU
		{45556693-306F-4662-A39E-7A4678AAB0CE}.Release|Any CPU.Build.0 = Release|Any CPU
		{D4A0F110-BC09-4556-8810-46E51352D70F}.Debug|Any CPU.ActiveCfg = Debug|Any CPU
		{D4A0F110-BC09-4556-8810-46E51352D70F}.Debug|Any CPU.Build.0 = Debug|Any CPU
		{D4A0F110-BC09-4556-8810-46E51352D70F}.Release|Any CPU.ActiveCfg = Release|Any CPU
		{D4A0F110-BC09-4556-8810-46E51352D70F}.Release|Any CPU.Build.0 = Release|Any CPU
		{12484B7F-899A-41CF-A0A9-9D79C1482EC1}.Debug|Any CPU.ActiveCfg = Debug|Any CPU
		{12484B7F-899A-41CF-A0A9-9D79C1482EC1}.Debug|Any CPU.Build.0 = Debug|Any CPU
		{12484B7F-899A-41CF-A0A9-9D79C1482EC1}.Release|Any CPU.ActiveCfg = Release|Any CPU
		{12484B7F-899A-41CF-A0A9-9D79C1482EC1}.Release|Any CPU.Build.0 = Release|Any CPU
		{72E47424-8E9D-46F3-9688-22EC65181497}.Debug|Any CPU.ActiveCfg = Debug|Any CPU
		{72E47424-8E9D-46F3-9688-22EC65181497}.Debug|Any CPU.Build.0 = Debug|Any CPU
		{72E47424-8E9D-46F3-9688-22EC65181497}.Release|Any CPU.ActiveCfg = Release|Any CPU
		{72E47424-8E9D-46F3-9688-22EC65181497}.Release|Any CPU.Build.0 = Release|Any CPU
		{5A418367-0CF1-42AB-9F67-916EA7DA2E5A}.Debug|Any CPU.ActiveCfg = Debug|Any CPU
		{5A418367-0CF1-42AB-9F67-916EA7DA2E5A}.Debug|Any CPU.Build.0 = Debug|Any CPU
		{5A418367-0CF1-42AB-9F67-916EA7DA2E5A}.Release|Any CPU.ActiveCfg = Release|Any CPU
		{5A418367-0CF1-42AB-9F67-916EA7DA2E5A}.Release|Any CPU.Build.0 = Release|Any CPU
		{03FEFE7B-9E8B-498A-ACE6-E21274A6C12B}.Debug|Any CPU.ActiveCfg = Debug|Any CPU
		{03FEFE7B-9E8B-498A-ACE6-E21274A6C12B}.Debug|Any CPU.Build.0 = Debug|Any CPU
		{03FEFE7B-9E8B-498A-ACE6-E21274A6C12B}.Release|Any CPU.ActiveCfg = Release|Any CPU
		{03FEFE7B-9E8B-498A-ACE6-E21274A6C12B}.Release|Any CPU.Build.0 = Release|Any CPU
		{D379FB06-A8C7-4FFA-8ECF-7458C2B6F0B9}.Debug|Any CPU.ActiveCfg = Debug|Any CPU
		{D379FB06-A8C7-4FFA-8ECF-7458C2B6F0B9}.Debug|Any CPU.Build.0 = Debug|Any CPU
		{D379FB06-A8C7-4FFA-8ECF-7458C2B6F0B9}.Release|Any CPU.ActiveCfg = Release|Any CPU
		{D379FB06-A8C7-4FFA-8ECF-7458C2B6F0B9}.Release|Any CPU.Build.0 = Release|Any CPU
		{B79AB2F7-DA6C-441F-A605-953B5EC75CA8}.Debug|Any CPU.ActiveCfg = Debug|Any CPU
		{B79AB2F7-DA6C-441F-A605-953B5EC75CA8}.Debug|Any CPU.Build.0 = Debug|Any CPU
		{B79AB2F7-DA6C-441F-A605-953B5EC75CA8}.Release|Any CPU.ActiveCfg = Release|Any CPU
		{B79AB2F7-DA6C-441F-A605-953B5EC75CA8}.Release|Any CPU.Build.0 = Release|Any CPU
		{776EFC1D-8970-4ED1-988A-79E32C0EB54E}.Debug|Any CPU.ActiveCfg = Debug|Any CPU
		{776EFC1D-8970-4ED1-988A-79E32C0EB54E}.Debug|Any CPU.Build.0 = Debug|Any CPU
		{776EFC1D-8970-4ED1-988A-79E32C0EB54E}.Release|Any CPU.ActiveCfg = Release|Any CPU
		{776EFC1D-8970-4ED1-988A-79E32C0EB54E}.Release|Any CPU.Build.0 = Release|Any CPU
		{91E3625D-BA72-4FD2-A976-A84169E03F4C}.Debug|Any CPU.ActiveCfg = Debug|Any CPU
		{91E3625D-BA72-4FD2-A976-A84169E03F4C}.Debug|Any CPU.Build.0 = Debug|Any CPU
		{91E3625D-BA72-4FD2-A976-A84169E03F4C}.Release|Any CPU.ActiveCfg = Release|Any CPU
		{91E3625D-BA72-4FD2-A976-A84169E03F4C}.Release|Any CPU.Build.0 = Release|Any CPU
		{80A06591-405E-4A3A-A846-5F69E17E5AFF}.Debug|Any CPU.ActiveCfg = Debug|Any CPU
		{80A06591-405E-4A3A-A846-5F69E17E5AFF}.Debug|Any CPU.Build.0 = Debug|Any CPU
		{80A06591-405E-4A3A-A846-5F69E17E5AFF}.Release|Any CPU.ActiveCfg = Release|Any CPU
		{80A06591-405E-4A3A-A846-5F69E17E5AFF}.Release|Any CPU.Build.0 = Release|Any CPU
		{DCCEA68F-15B5-46E9-AB05-BAC8F160CBD6}.Debug|Any CPU.ActiveCfg = Debug|Any CPU
		{DCCEA68F-15B5-46E9-AB05-BAC8F160CBD6}.Debug|Any CPU.Build.0 = Debug|Any CPU
		{DCCEA68F-15B5-46E9-AB05-BAC8F160CBD6}.Release|Any CPU.ActiveCfg = Release|Any CPU
		{DCCEA68F-15B5-46E9-AB05-BAC8F160CBD6}.Release|Any CPU.Build.0 = Release|Any CPU
	EndGlobalSection
	GlobalSection(SolutionProperties) = preSolution
		HideSolutionNode = FALSE
	EndGlobalSection
	GlobalSection(ExtensibilityGlobals) = postSolution
		SolutionGuid = {5BE9DC56-5303-49DD-A9CB-412AEC23A58B}
	EndGlobalSection
EndGlobal
