
Microsoft Visual Studio Solution File, Format Version 12.00
# Visual Studio Version 16
VisualStudioVersion = 16.0.31613.86
MinimumVisualStudioVersion = 10.0.40219.1
Project("{9A19103F-16F7-4668-BE54-9A1E7A4F7556}") = "LearnArrayList", "LearnArrayList\LearnArrayList.csproj", "{8C8BCC01-67BE-46F3-ACA6-C5B510CAA420}"
EndProject
Project("{9A19103F-16F7-4668-BE54-9A1E7A4F7556}") = "HashTable", "Hashtable\HashTable.csproj", "{10192FFD-C81C-4568-987E-3FF052CDAFF2}"
EndProject
Project("{FAE04EC0-301F-11D3-BF4B-00C04F79EFBC}") = "SortedLists", "SortedList\SortedLists.csproj", "{4B324337-3487-4601-9EE8-E75FB2AB13E8}"
EndProject
Project("{FAE04EC0-301F-11D3-BF4B-00C04F79EFBC}") = "LearnStack", "LearnStack\LearnStack.csproj", "{8901EB1B-60F2-4FD6-A071-7DF2922E2CA6}"
EndProject
Global
	GlobalSection(SolutionConfigurationPlatforms) = preSolution
		Debug|Any CPU = Debug|Any CPU
		Release|Any CPU = Release|Any CPU
	EndGlobalSection
	GlobalSection(ProjectConfigurationPlatforms) = postSolution
		{8C8BCC01-67BE-46F3-ACA6-C5B510CAA420}.Debug|Any CPU.ActiveCfg = Debug|Any CPU
		{8C8BCC01-67BE-46F3-ACA6-C5B510CAA420}.Debug|Any CPU.Build.0 = Debug|Any CPU
		{8C8BCC01-67BE-46F3-ACA6-C5B510CAA420}.Release|Any CPU.ActiveCfg = Release|Any CPU
		{8C8BCC01-67BE-46F3-ACA6-C5B510CAA420}.Release|Any CPU.Build.0 = Release|Any CPU
		{10192FFD-C81C-4568-987E-3FF052CDAFF2}.Debug|Any CPU.ActiveCfg = Debug|Any CPU
		{10192FFD-C81C-4568-987E-3FF052CDAFF2}.Debug|Any CPU.Build.0 = Debug|Any CPU
		{10192FFD-C81C-4568-987E-3FF052CDAFF2}.Release|Any CPU.ActiveCfg = Release|Any CPU
		{10192FFD-C81C-4568-987E-3FF052CDAFF2}.Release|Any CPU.Build.0 = Release|Any CPU
		{4B324337-3487-4601-9EE8-E75FB2AB13E8}.Debug|Any CPU.ActiveCfg = Debug|Any CPU
		{4B324337-3487-4601-9EE8-E75FB2AB13E8}.Debug|Any CPU.Build.0 = Debug|Any CPU
		{4B324337-3487-4601-9EE8-E75FB2AB13E8}.Release|Any CPU.ActiveCfg = Release|Any CPU
		{4B324337-3487-4601-9EE8-E75FB2AB13E8}.Release|Any CPU.Build.0 = Release|Any CPU
		{8901EB1B-60F2-4FD6-A071-7DF2922E2CA6}.Debug|Any CPU.ActiveCfg = Debug|Any CPU
		{8901EB1B-60F2-4FD6-A071-7DF2922E2CA6}.Debug|Any CPU.Build.0 = Debug|Any CPU
		{8901EB1B-60F2-4FD6-A071-7DF2922E2CA6}.Release|Any CPU.ActiveCfg = Release|Any CPU
		{8901EB1B-60F2-4FD6-A071-7DF2922E2CA6}.Release|Any CPU.Build.0 = Release|Any CPU
	EndGlobalSection
	GlobalSection(SolutionProperties) = preSolution
		HideSolutionNode = FALSE
	EndGlobalSection
	GlobalSection(ExtensibilityGlobals) = postSolution
		SolutionGuid = {88E37397-CCCB-43BF-9E98-184514E71CB9}
	EndGlobalSection
EndGlobal
